{
  "projects": [
    {
      "projectId": "caTPwKxj5ZrD9LQ7DMdK4Z",
      "version": "3.0.0",
      "dependencies": {},
      "lang": "ts",
      "fileLocks": [
        {
          "assetId": "caTPwKxj5ZrD9LQ7DMdK4Z",
          "type": "projectCss",
          "checksum": "748c2db198285121f5dad63414f1fabb"
        }
      ],
      "codegenVersion": "0.0.1"
    },
    {
      "projectId": "mrgn3VC2r6s7VB3wKPe7xp",
      "version": "7.1.0",
      "dependencies": {
        "caTPwKxj5ZrD9LQ7DMdK4Z": "3.0.0"
      },
      "lang": "ts",
      "fileLocks": [
        {
          "type": "globalVariant",
          "assetId": "6piZsruRybC-C",
          "checksum": "6fe797f2d928c6f6be0d222d74ba146f"
        },
        {
          "assetId": "mrgn3VC2r6s7VB3wKPe7xp",
          "type": "projectCss",
          "checksum": "d8aea11f19529864e523abbbe1311a39"
        },
        {
          "type": "renderModule",
          "assetId": "sw7k7LkFBTC",
          "checksum": "8fde362ce0c90592323de5fa29562881"
        },
        {
          "type": "cssRules",
          "assetId": "sw7k7LkFBTC",
          "checksum": "8fde362ce0c90592323de5fa29562881"
        },
        {
          "type": "renderModule",
          "assetId": "AKAM4dN1Fw",
          "checksum": "cee629f636306201b1b36bb25bb686ea"
        },
        {
          "type": "cssRules",
          "assetId": "AKAM4dN1Fw",
          "checksum": "cee629f636306201b1b36bb25bb686ea"
        },
        {
          "type": "renderModule",
          "assetId": "weX-svCA-Q",
          "checksum": "27b16cd42c30735c2d707f2899bbd179"
        },
        {
          "type": "cssRules",
          "assetId": "weX-svCA-Q",
          "checksum": "27b16cd42c30735c2d707f2899bbd179"
        },
        {
          "type": "renderModule",
          "assetId": "CmagQTLSXwI",
          "checksum": "66f9d58d4d5e42589637d67e7d8207f4"
        },
        {
          "type": "cssRules",
          "assetId": "CmagQTLSXwI",
          "checksum": "66f9d58d4d5e42589637d67e7d8207f4"
        },
        {
          "type": "renderModule",
          "assetId": "_Z8xXR8LUJ",
          "checksum": "23fd29da6c0345d069c2b4094083dad5"
        },
        {
          "type": "cssRules",
          "assetId": "_Z8xXR8LUJ",
          "checksum": "23fd29da6c0345d069c2b4094083dad5"
        },
        {
          "type": "renderModule",
          "assetId": "vD367wilBz",
          "checksum": "70e3d86e679b827f1b4c06f179304d38"
        },
        {
          "type": "cssRules",
          "assetId": "vD367wilBz",
          "checksum": "70e3d86e679b827f1b4c06f179304d38"
        },
        {
          "type": "renderModule",
          "assetId": "ITQ8M6Atze",
          "checksum": "69f54b02079186149732c31df160a089"
        },
        {
          "type": "cssRules",
          "assetId": "ITQ8M6Atze",
          "checksum": "69f54b02079186149732c31df160a089"
        },
        {
          "type": "renderModule",
          "assetId": "6NoymXHwcF",
          "checksum": "a6f121d39da967384da525fcabbee28a"
        },
        {
          "type": "cssRules",
          "assetId": "6NoymXHwcF",
          "checksum": "a6f121d39da967384da525fcabbee28a"
        },
        {
          "type": "renderModule",
          "assetId": "myilu9wkwV",
          "checksum": "366cb8b360cdcae0ce4b81c3049d0def"
        },
        {
          "type": "cssRules",
          "assetId": "myilu9wkwV",
          "checksum": "366cb8b360cdcae0ce4b81c3049d0def"
        },
        {
          "type": "icon",
          "assetId": "cFH4ysruE7k",
          "checksum": "63ef22226ecd2c4cb669ee11427353f2"
        },
        {
          "type": "icon",
          "assetId": "XuqNxn7mH8d",
          "checksum": "94e7dd90e1d5cf4b7c2441d7a921118f"
        },
        {
          "type": "icon",
          "assetId": "P0ml95HOX2-",
          "checksum": "42f0e720bc98d59cf51f04a1ddc9c502"
        },
        {
          "type": "icon",
          "assetId": "Hxnz6Uousg",
          "checksum": "83e743d333266ed3e704895dd77dfea4"
        },
        {
          "type": "icon",
          "assetId": "QH3TGD-PAa",
          "checksum": "c734bab6ecf14dd9a79687bf6a8a1af9"
        }
      ],
      "codegenVersion": "0.0.1"
    },
    {
      "projectId": "s9FtU1QqNRpfuTCYMk46sz",
      "version": "latest",
      "dependencies": {
        "mrgn3VC2r6s7VB3wKPe7xp": "7.1.0",
        "caTPwKxj5ZrD9LQ7DMdK4Z": "3.0.0"
      },
      "lang": "ts",
      "fileLocks": [
        {
          "type": "globalVariant",
          "assetId": "Yz-O4T2tV0vlh",
          "checksum": "23c2c541944db75c3cefe0b46151d600"
        },
        {
          "assetId": "s9FtU1QqNRpfuTCYMk46sz",
          "type": "projectCss",
          "checksum": "542778c8d91c92dd4b68ffc328def29a"
        },
        {
          "type": "renderModule",
          "assetId": "7nqHApKUarqOC",
          "checksum": "1b48c1cf4bdd9b5cc5cffd5c46253070"
        },
        {
          "type": "cssRules",
          "assetId": "7nqHApKUarqOC",
          "checksum": "1b48c1cf4bdd9b5cc5cffd5c46253070"
        },
        {
          "type": "renderModule",
          "assetId": "JqPwgtq3frM4H",
          "checksum": "2ca9b210eae90dd56473c721403a2c87"
        },
        {
          "type": "cssRules",
          "assetId": "JqPwgtq3frM4H",
          "checksum": "2ca9b210eae90dd56473c721403a2c87"
        },
        {
          "type": "renderModule",
          "assetId": "7S036wSbZ9Mk-",
          "checksum": "05f650a7e50c46bca8fb6ae299d9d94b"
        },
        {
          "type": "cssRules",
          "assetId": "7S036wSbZ9Mk-",
          "checksum": "05f650a7e50c46bca8fb6ae299d9d94b"
        },
        {
          "type": "renderModule",
          "assetId": "_-V-SziXSZ5vRL",
          "checksum": "6d45b7dc3b8d6d91f4c1dba2c3620550"
        },
        {
          "type": "cssRules",
          "assetId": "_-V-SziXSZ5vRL",
          "checksum": "6d45b7dc3b8d6d91f4c1dba2c3620550"
        },
        {
          "type": "renderModule",
          "assetId": "sW6svfkibZkesa",
          "checksum": "1bf30e0301be794ecd15fd0b06e16c9d"
        },
        {
          "type": "cssRules",
          "assetId": "sW6svfkibZkesa",
          "checksum": "1bf30e0301be794ecd15fd0b06e16c9d"
        },
        {
          "type": "renderModule",
          "assetId": "EJkk1_5Jfx01SZ",
          "checksum": "0f01f7cc0676fb4fc5ea8df8d69f188b"
        },
        {
          "type": "cssRules",
          "assetId": "EJkk1_5Jfx01SZ",
          "checksum": "0f01f7cc0676fb4fc5ea8df8d69f188b"
        },
        {
          "type": "renderModule",
          "assetId": "TdezPZrUvcdxk_",
          "checksum": "fa58c5421e5700276d092fd269a86ebd"
        },
        {
          "type": "cssRules",
          "assetId": "TdezPZrUvcdxk_",
          "checksum": "fa58c5421e5700276d092fd269a86ebd"
        },
        {
          "type": "renderModule",
          "assetId": "mEp8Jgao0_XIAz",
          "checksum": "56bf0b67c7857191ee387f020f4a7dee"
        },
        {
          "type": "cssRules",
          "assetId": "mEp8Jgao0_XIAz",
          "checksum": "56bf0b67c7857191ee387f020f4a7dee"
        },
        {
          "type": "renderModule",
          "assetId": "3rtdTNKhjk9lmg",
          "checksum": "c858a16d213e20a1bf72c9f10b610eb7"
        },
        {
          "type": "cssRules",
          "assetId": "3rtdTNKhjk9lmg",
          "checksum": "c858a16d213e20a1bf72c9f10b610eb7"
        },
        {
          "type": "renderModule",
          "assetId": "dor1B9h2KLwKlB",
          "checksum": "550aa99f3419e4a6b2b034fb0e7f5043"
        },
        {
          "type": "cssRules",
          "assetId": "dor1B9h2KLwKlB",
          "checksum": "550aa99f3419e4a6b2b034fb0e7f5043"
        },
        {
          "type": "renderModule",
          "assetId": "DU_qPIKeT28MgM",
          "checksum": "59deebb0790cba2b52cbe533be8e5007"
        },
        {
          "type": "cssRules",
          "assetId": "DU_qPIKeT28MgM",
          "checksum": "59deebb0790cba2b52cbe533be8e5007"
        },
        {
          "type": "renderModule",
          "assetId": "8Vxup5os6DQ6vy",
          "checksum": "3ff108a57471772e971274f1701021b6"
        },
        {
          "type": "cssRules",
          "assetId": "8Vxup5os6DQ6vy",
          "checksum": "3ff108a57471772e971274f1701021b6"
        },
        {
          "type": "renderModule",
          "assetId": "GGmzkm3oxNQLgR",
          "checksum": "fa3b68b07ea30f443cdef5a2825244b1"
        },
        {
          "type": "cssRules",
          "assetId": "GGmzkm3oxNQLgR",
          "checksum": "fa3b68b07ea30f443cdef5a2825244b1"
        },
        {
          "type": "renderModule",
          "assetId": "oTJRnYbP8p0Pij",
          "checksum": "f91466bb3699651763dfe460a604e58c"
        },
        {
          "type": "cssRules",
          "assetId": "oTJRnYbP8p0Pij",
          "checksum": "f91466bb3699651763dfe460a604e58c"
        },
        {
          "type": "renderModule",
          "assetId": "ZIS6NQWWmNM0WX",
          "checksum": "8e190a9d73e7adc6588dae4b13275d26"
        },
        {
          "type": "cssRules",
          "assetId": "ZIS6NQWWmNM0WX",
          "checksum": "8e190a9d73e7adc6588dae4b13275d26"
        },
        {
          "type": "renderModule",
          "assetId": "jVb7-ra1b1CBAd",
          "checksum": "443ebec041830d114a49da6e1fc0e247"
        },
        {
          "type": "cssRules",
          "assetId": "jVb7-ra1b1CBAd",
          "checksum": "443ebec041830d114a49da6e1fc0e247"
        },
        {
          "type": "renderModule",
          "assetId": "SVsSN17uZItN3m",
          "checksum": "4a96e57685dd7ba39c194bd9bafcc265"
        },
        {
          "type": "cssRules",
          "assetId": "SVsSN17uZItN3m",
          "checksum": "4a96e57685dd7ba39c194bd9bafcc265"
        },
        {
          "type": "renderModule",
          "assetId": "W3xFx930gMYiRb",
          "checksum": "e67a9cd41cf9b2fbd103be41a26a8d8c"
        },
        {
          "type": "cssRules",
          "assetId": "W3xFx930gMYiRb",
          "checksum": "e67a9cd41cf9b2fbd103be41a26a8d8c"
        },
        {
          "type": "renderModule",
          "assetId": "M3buD_ZFfjTQVx",
          "checksum": "a81d0bd0d0caf43eac094fee9c72cb8a"
        },
        {
          "type": "cssRules",
          "assetId": "M3buD_ZFfjTQVx",
          "checksum": "a81d0bd0d0caf43eac094fee9c72cb8a"
        },
        {
          "type": "renderModule",
          "assetId": "jXFrPr0gboxEYQ",
          "checksum": "d335af97033528e5061efb562bf45ddd"
        },
        {
          "type": "cssRules",
          "assetId": "jXFrPr0gboxEYQ",
          "checksum": "d335af97033528e5061efb562bf45ddd"
        },
        {
          "type": "renderModule",
          "assetId": "G7QGgKEELhaV8N",
          "checksum": "04dd33a3a462ac1ffc5c7e9b9b3de774"
        },
        {
          "type": "cssRules",
          "assetId": "G7QGgKEELhaV8N",
          "checksum": "04dd33a3a462ac1ffc5c7e9b9b3de774"
        },
        {
          "type": "renderModule",
          "assetId": "-lPyZVfZqdw-ky",
          "checksum": "646ba528636b25f0936b5e6b7859b52d"
        },
        {
          "type": "cssRules",
          "assetId": "-lPyZVfZqdw-ky",
          "checksum": "646ba528636b25f0936b5e6b7859b52d"
        },
        {
          "type": "renderModule",
          "assetId": "YsJjrubhubtDkG",
          "checksum": "c0876eb1ab9c0ffb7a78fbe18d696a66"
        },
        {
          "type": "cssRules",
          "assetId": "YsJjrubhubtDkG",
          "checksum": "c0876eb1ab9c0ffb7a78fbe18d696a66"
        },
        {
          "type": "renderModule",
          "assetId": "u9YCrLpYKhEcNk",
          "checksum": "d395c0a437cc6a9c0929335ff17380cf"
        },
        {
          "type": "cssRules",
          "assetId": "u9YCrLpYKhEcNk",
          "checksum": "d395c0a437cc6a9c0929335ff17380cf"
        },
        {
          "type": "renderModule",
          "assetId": "4kfQeMGradRqOK",
          "checksum": "1d13a1b52ebfdbdb1876e37020ad8c8f"
        },
        {
          "type": "cssRules",
          "assetId": "4kfQeMGradRqOK",
          "checksum": "1d13a1b52ebfdbdb1876e37020ad8c8f"
        },
        {
          "type": "renderModule",
          "assetId": "6valLkEOkoIA3j",
          "checksum": "bce70070102da44663618b2c3920c07e"
        },
        {
          "type": "cssRules",
          "assetId": "6valLkEOkoIA3j",
          "checksum": "bce70070102da44663618b2c3920c07e"
        },
        {
          "type": "renderModule",
          "assetId": "H6eYTN0w5gwLI0",
          "checksum": "fc7dacb494d2e9e08673bedfdf430c7c"
        },
        {
          "type": "cssRules",
          "assetId": "H6eYTN0w5gwLI0",
          "checksum": "fc7dacb494d2e9e08673bedfdf430c7c"
        },
        {
          "type": "renderModule",
          "assetId": "NV7-rY70ohAOwi",
          "checksum": "fcf066d26a0c00fa80abbb4df6d37fd3"
        },
        {
          "type": "cssRules",
          "assetId": "NV7-rY70ohAOwi",
          "checksum": "fcf066d26a0c00fa80abbb4df6d37fd3"
        },
        {
          "type": "renderModule",
          "assetId": "Li0JdbvZrgDQCB",
          "checksum": "67bfe97be9bb49be046adc0eec3d661f"
        },
        {
          "type": "cssRules",
          "assetId": "Li0JdbvZrgDQCB",
          "checksum": "67bfe97be9bb49be046adc0eec3d661f"
        },
        {
          "type": "renderModule",
          "assetId": "L2qTBSWgLznnN5",
          "checksum": "353def50a540fb2d2c878ec8266e7d6f"
        },
        {
          "type": "cssRules",
          "assetId": "L2qTBSWgLznnN5",
          "checksum": "353def50a540fb2d2c878ec8266e7d6f"
        },
        {
          "type": "renderModule",
          "assetId": "pY4p2B2i4EcqaH",
          "checksum": "058f8d755da6cc8fdc952bca6b6ed0d3"
        },
        {
          "type": "cssRules",
          "assetId": "pY4p2B2i4EcqaH",
          "checksum": "058f8d755da6cc8fdc952bca6b6ed0d3"
        },
        {
          "type": "renderModule",
          "assetId": "U02YHCDk5RcLXl",
          "checksum": "546cc78d24ff0aa62bbca33531db3d40"
        },
        {
          "type": "cssRules",
          "assetId": "U02YHCDk5RcLXl",
          "checksum": "546cc78d24ff0aa62bbca33531db3d40"
        },
        {
          "type": "renderModule",
          "assetId": "5XTFK8sro2yZFl",
          "checksum": "20d8811d7892f4b6cb99532e2a779fd7"
        },
        {
          "type": "cssRules",
          "assetId": "5XTFK8sro2yZFl",
          "checksum": "20d8811d7892f4b6cb99532e2a779fd7"
        },
        {
          "type": "renderModule",
          "assetId": "n4laxhknGNKwOw",
          "checksum": "74a924c231cd407ffb9f2a7a5d522c89"
        },
        {
          "type": "cssRules",
          "assetId": "n4laxhknGNKwOw",
          "checksum": "74a924c231cd407ffb9f2a7a5d522c89"
        },
        {
          "type": "renderModule",
          "assetId": "J_WPXwaGlAAlQs",
          "checksum": "588bd01abd72c60ff3c5bfc44c1e4596"
        },
        {
          "type": "cssRules",
          "assetId": "J_WPXwaGlAAlQs",
          "checksum": "588bd01abd72c60ff3c5bfc44c1e4596"
        },
        {
          "type": "renderModule",
          "assetId": "o7UP2anhfPbNrR",
          "checksum": "738055a624843267b0e3188d37b4db2d"
        },
        {
          "type": "cssRules",
          "assetId": "o7UP2anhfPbNrR",
          "checksum": "738055a624843267b0e3188d37b4db2d"
        },
        {
          "type": "renderModule",
          "assetId": "UeHhw1A6Z3Hvc-",
          "checksum": "7d2d8dbe7f0980d9d0dd356c983d69f3"
        },
        {
          "type": "cssRules",
          "assetId": "UeHhw1A6Z3Hvc-",
          "checksum": "7d2d8dbe7f0980d9d0dd356c983d69f3"
        },
        {
          "type": "renderModule",
          "assetId": "iyz-mdZk3Rqdop",
          "checksum": "5cb7985cb6261892e0d9349a2570b495"
        },
        {
          "type": "cssRules",
          "assetId": "iyz-mdZk3Rqdop",
          "checksum": "5cb7985cb6261892e0d9349a2570b495"
        },
        {
          "type": "renderModule",
          "assetId": "oUKDmdXeBkMoWB",
          "checksum": "21b5293d1da5fc5a2d4a6b849fb52cfa"
        },
        {
          "type": "cssRules",
          "assetId": "oUKDmdXeBkMoWB",
          "checksum": "21b5293d1da5fc5a2d4a6b849fb52cfa"
        },
        {
          "type": "renderModule",
          "assetId": "BL-DFb7xZttP_S",
          "checksum": "267deebcfb629812cfbb9de7605db118"
        },
        {
          "type": "cssRules",
          "assetId": "BL-DFb7xZttP_S",
          "checksum": "267deebcfb629812cfbb9de7605db118"
        },
        {
          "type": "renderModule",
          "assetId": "ZuN8VeGevwqvJf",
          "checksum": "9990282d9b7cffc12f2c7bf0a6eb3c54"
        },
        {
          "type": "cssRules",
          "assetId": "ZuN8VeGevwqvJf",
          "checksum": "9990282d9b7cffc12f2c7bf0a6eb3c54"
        },
        {
          "type": "renderModule",
          "assetId": "UGKDap61CYE_TA",
          "checksum": "b38913d7b2a09130e416491dc633dceb"
        },
        {
          "type": "cssRules",
          "assetId": "UGKDap61CYE_TA",
          "checksum": "b38913d7b2a09130e416491dc633dceb"
        },
        {
          "type": "renderModule",
          "assetId": "glla5sV429CN1F",
          "checksum": "8efe1f07288b72b0a94121fcb28e02d9"
        },
        {
          "type": "cssRules",
          "assetId": "glla5sV429CN1F",
          "checksum": "8efe1f07288b72b0a94121fcb28e02d9"
        },
        {
          "type": "renderModule",
          "assetId": "CkZYy5llJqF9n6",
          "checksum": "97108a1c27954f438fc7edef7f8daa48"
        },
        {
          "type": "cssRules",
          "assetId": "CkZYy5llJqF9n6",
          "checksum": "97108a1c27954f438fc7edef7f8daa48"
        },
        {
          "type": "renderModule",
          "assetId": "B6kVUg18g3HDsq",
          "checksum": "f5c9ed3540f2d88f3ff350bd88ddf0bc"
        },
        {
          "type": "cssRules",
          "assetId": "B6kVUg18g3HDsq",
          "checksum": "f5c9ed3540f2d88f3ff350bd88ddf0bc"
        },
        {
          "type": "renderModule",
          "assetId": "sNe0uqYxcNFT8N",
          "checksum": "1395369df3b1bf0003f7f9951e71c75d"
        },
        {
          "type": "cssRules",
          "assetId": "sNe0uqYxcNFT8N",
          "checksum": "1395369df3b1bf0003f7f9951e71c75d"
        },
        {
          "type": "renderModule",
          "assetId": "mlf7lVchH7eUeX",
          "checksum": "adfa450aec4cc739ec432024141f704c"
        },
        {
          "type": "cssRules",
          "assetId": "mlf7lVchH7eUeX",
          "checksum": "adfa450aec4cc739ec432024141f704c"
        },
        {
          "type": "renderModule",
          "assetId": "eZ3dNAICPsOrM2",
          "checksum": "65cb191f46460804383ce52032c9d7df"
        },
        {
          "type": "cssRules",
          "assetId": "eZ3dNAICPsOrM2",
          "checksum": "65cb191f46460804383ce52032c9d7df"
        },
        {
          "type": "renderModule",
          "assetId": "rzM0r7jkSsGssU",
          "checksum": "943d43807f4c22aeda5e22af5fdf9ef2"
        },
        {
          "type": "cssRules",
          "assetId": "rzM0r7jkSsGssU",
          "checksum": "943d43807f4c22aeda5e22af5fdf9ef2"
        },
        {
          "type": "renderModule",
          "assetId": "ew5ZRTnBxp4gUa",
          "checksum": "552d6d31be4b26830c041928f3ce06bd"
        },
        {
          "type": "cssRules",
          "assetId": "ew5ZRTnBxp4gUa",
          "checksum": "552d6d31be4b26830c041928f3ce06bd"
        },
        {
          "type": "renderModule",
          "assetId": "Sh5VL6QFW0T6kj",
          "checksum": "a64d34cdd49b8df053f9503e6db26c32"
        },
        {
          "type": "cssRules",
          "assetId": "Sh5VL6QFW0T6kj",
          "checksum": "a64d34cdd49b8df053f9503e6db26c32"
        },
        {
          "type": "renderModule",
          "assetId": "5GribXSnrnPdXi",
          "checksum": "8f53a8044646e2400df594142b0152f8"
        },
        {
          "type": "cssRules",
          "assetId": "5GribXSnrnPdXi",
          "checksum": "8f53a8044646e2400df594142b0152f8"
        },
        {
          "type": "renderModule",
          "assetId": "X-5x9z1iG-kBMY",
          "checksum": "01f04944921369653a1560bd6cadfabc"
        },
        {
          "type": "cssRules",
          "assetId": "X-5x9z1iG-kBMY",
          "checksum": "01f04944921369653a1560bd6cadfabc"
        },
        {
          "type": "renderModule",
          "assetId": "XHvXd3uVfF2oUi",
          "checksum": "0772f652cccc387fd9fa4ed1334f9c59"
        },
        {
          "type": "cssRules",
          "assetId": "XHvXd3uVfF2oUi",
          "checksum": "0772f652cccc387fd9fa4ed1334f9c59"
        },
        {
          "type": "renderModule",
          "assetId": "wvsk0SSMrBMcTd",
          "checksum": "d7668c7f71ebc63461b4a2d1ded26fae"
        },
        {
          "type": "cssRules",
          "assetId": "wvsk0SSMrBMcTd",
          "checksum": "d7668c7f71ebc63461b4a2d1ded26fae"
        },
        {
          "type": "renderModule",
          "assetId": "oJlBDk8VAa36sW",
          "checksum": "f14fa6eedfa46930a578d10b644d62bb"
        },
        {
          "type": "cssRules",
          "assetId": "oJlBDk8VAa36sW",
          "checksum": "f14fa6eedfa46930a578d10b644d62bb"
        },
        {
          "type": "renderModule",
          "assetId": "u0HSc9R5sQ2orc",
          "checksum": "8568567c7ba06f16a9ad2aa9e1686d15"
        },
        {
          "type": "cssRules",
          "assetId": "u0HSc9R5sQ2orc",
          "checksum": "8568567c7ba06f16a9ad2aa9e1686d15"
        },
        {
          "type": "renderModule",
          "assetId": "bL_TLaBe9bJYYi",
          "checksum": "7f772ec7a5c97b27f2a1ae0b60ff47bb"
        },
        {
          "type": "cssRules",
          "assetId": "bL_TLaBe9bJYYi",
          "checksum": "7f772ec7a5c97b27f2a1ae0b60ff47bb"
        },
        {
          "type": "renderModule",
          "assetId": "G0dDFZMI2dcQMU",
          "checksum": "1a4fb89776e8ae62b92545b78ca03eb0"
        },
        {
          "type": "cssRules",
          "assetId": "G0dDFZMI2dcQMU",
          "checksum": "1a4fb89776e8ae62b92545b78ca03eb0"
        },
        {
          "type": "renderModule",
          "assetId": "aSdGQnyD6ZTNx9",
          "checksum": "b2ad059c0459fbc56b08c6ca1e8e7385"
        },
        {
          "type": "cssRules",
          "assetId": "aSdGQnyD6ZTNx9",
          "checksum": "b2ad059c0459fbc56b08c6ca1e8e7385"
        },
        {
          "type": "renderModule",
          "assetId": "F_4-MrCQPfwKe0",
          "checksum": "9b37fa69c96548186f690766fe0077f5"
        },
        {
          "type": "cssRules",
          "assetId": "F_4-MrCQPfwKe0",
          "checksum": "9b37fa69c96548186f690766fe0077f5"
        },
        {
          "type": "renderModule",
          "assetId": "7XrQmznsPjUbll",
          "checksum": "00f1bdc05f68d5c8490662dbb5c45b06"
        },
        {
          "type": "cssRules",
          "assetId": "7XrQmznsPjUbll",
          "checksum": "00f1bdc05f68d5c8490662dbb5c45b06"
        },
        {
          "type": "renderModule",
          "assetId": "hQ6fAIEooJwJNK",
          "checksum": "e5dde3c470c0be12d6f723ee09e7df57"
        },
        {
          "type": "cssRules",
          "assetId": "hQ6fAIEooJwJNK",
          "checksum": "e5dde3c470c0be12d6f723ee09e7df57"
        },
        {
          "type": "renderModule",
          "assetId": "G4zPt65Bqlc-La",
          "checksum": "9009c6b6f13f808c8213d24ad4252493"
        },
        {
          "type": "cssRules",
          "assetId": "G4zPt65Bqlc-La",
          "checksum": "9009c6b6f13f808c8213d24ad4252493"
        },
        {
          "type": "renderModule",
          "assetId": "Jafmc9q9Y29joe",
          "checksum": "f8454de459dbb68009456fd58f76886b"
        },
        {
          "type": "cssRules",
          "assetId": "Jafmc9q9Y29joe",
          "checksum": "f8454de459dbb68009456fd58f76886b"
        },
        {
          "type": "renderModule",
          "assetId": "x84vrdFBeZZGBX",
          "checksum": "a7d6bb19944be6b92ad6c3f5ef16dd2b"
        },
        {
          "type": "cssRules",
          "assetId": "x84vrdFBeZZGBX",
          "checksum": "a7d6bb19944be6b92ad6c3f5ef16dd2b"
        },
        {
          "type": "renderModule",
          "assetId": "ncNz7zZumcIgCX",
          "checksum": "7218a6d78535a793e62a7ef080e18a82"
        },
        {
          "type": "cssRules",
          "assetId": "ncNz7zZumcIgCX",
          "checksum": "7218a6d78535a793e62a7ef080e18a82"
        },
        {
          "type": "renderModule",
          "assetId": "hmGb0i4cuixo2",
          "checksum": "9bbd5494e28a138e28433fa22a90104e"
        },
        {
          "type": "cssRules",
          "assetId": "hmGb0i4cuixo2",
          "checksum": "9bbd5494e28a138e28433fa22a90104e"
        },
        {
          "type": "icon",
          "assetId": "MpX9BP8blGMfpD",
          "checksum": "eb3c34262bd60cb3894ac724b929c0e8"
        },
        {
          "type": "icon",
          "assetId": "4feDHP-bpH6OM4",
          "checksum": "e676bdde902bd29db0a019c151dcade1"
        },
        {
          "type": "icon",
          "assetId": "TEp5jDX6ZQrI8t",
          "checksum": "5eba7fc38f3c1ee7ef056b624d44f7db"
        },
        {
          "type": "icon",
          "assetId": "Id8KGjLkdQoXxj",
          "checksum": "29fa838f320b1f7d7632707ef8b31429"
        },
        {
          "type": "icon",
          "assetId": "sfoG5FkTnFO26P",
          "checksum": "c925fb96d9327d1ba21a171b8e630860"
        },
        {
          "type": "icon",
          "assetId": "yPISAHV4zfDsCn",
          "checksum": "37ac28e46416ca6a5ed70d7f25fb54c3"
        },
        {
          "type": "icon",
          "assetId": "WiW-GuqFyqoovv",
          "checksum": "b6a170a87406ffe0c789b7944809880f"
        },
        {
          "type": "icon",
          "assetId": "aU9qSGmWgUCQJD",
          "checksum": "94cffc0a3dad2ae79d5417de6196750f"
        },
        {
          "type": "icon",
          "assetId": "aI2K1MlU60C51R",
          "checksum": "1bc1fc3394d7e6a9225673eff57b1842"
        },
        {
          "type": "icon",
          "assetId": "H29D7mrPxL5Fw3",
          "checksum": "bd730a4909cabb9fcef3b0105536d01b"
        },
        {
          "type": "icon",
          "assetId": "yjRsogMQK2JuLx",
          "checksum": "6a50aa7276123bf5702440e13a447562"
        },
        {
          "type": "icon",
          "assetId": "IridhowzujR8_J",
          "checksum": "b879334a981c944a4e024e17ac3652dd"
        },
        {
          "type": "icon",
          "assetId": "e-kCsG3zM6OO-z",
          "checksum": "5fc98c6978779117e1b2abe8092f759b"
        },
        {
          "type": "icon",
          "assetId": "4jh5_0ppZYDExl",
          "checksum": "53f53c7ed876aac2ec460d7a11ecfec3"
        },
        {
          "type": "icon",
          "assetId": "bVw9SsvGfnpPWC",
          "checksum": "197e0dad5bb19315d9b923f45417f57d"
        },
        {
          "type": "icon",
          "assetId": "Vd5R-f0adBUNiU",
          "checksum": "29d53dc3cab979862c277efe87248334"
        },
        {
          "type": "icon",
          "assetId": "F4TS8v2bp8VR9-",
          "checksum": "4405ebb4f5f39933f78392c5a2a58301"
        },
        {
          "type": "icon",
          "assetId": "vMxhpIIIPMbfuv",
          "checksum": "22985045cc9eb257c56c2d0fb4ff4a82"
        },
        {
          "type": "icon",
          "assetId": "xfDmjnI0Q38oFt",
          "checksum": "8256c2d698a4c445e41ac90ebf63e88d"
        },
        {
          "type": "icon",
          "assetId": "3GVusUnw5zu4d-",
          "checksum": "717d5822b412f02c02714c9350710e97"
        },
        {
          "type": "icon",
          "assetId": "OpQFaS-uHAf6sL",
          "checksum": "efc34727085b9ad4b46fc31a13540ddb"
        },
        {
          "type": "icon",
          "assetId": "YR1YROnu78wnnx",
          "checksum": "5f3dfa0e78f7e1896e158f11fe69ee31"
        },
        {
          "type": "icon",
          "assetId": "xOU2X46wKtljOK",
          "checksum": "14c782877eb942156d7eaf1e503a337c"
        },
        {
          "type": "icon",
          "assetId": "24-7ruBtBXd8B2",
          "checksum": "9fc7b25188926abe3993b1d5db32475a"
        },
        {
          "type": "icon",
          "assetId": "qI1ADwJQ-VLah1",
          "checksum": "507b9474902bbcc938ecc9bce954db2f"
        },
        {
          "type": "icon",
          "assetId": "-VD8W-Wwj7Zlh1",
          "checksum": "7495486712c65f72ac3094e2f44d79c4"
        },
        {
          "type": "icon",
          "assetId": "hWI7537ZZWP4yT",
          "checksum": "f6da5a55a71b56b476b74543041b2673"
        },
        {
          "type": "icon",
          "assetId": "3NsZoIk_ipGVNE",
          "checksum": "14fd50deee17f1a8cae85c42973b4150"
        },
        {
          "type": "image",
          "assetId": "Rdwpfrae2KlCvm",
          "checksum": "7fa3da3a3c4bd9ccf2a86fd1b3d937c9"
        },
        {
          "type": "image",
          "assetId": "UOLpIgTAlaK60n",
          "checksum": "ee274350dad1dbd80cbd403eb684c96a"
        },
        {
          "type": "image",
          "assetId": "B9pRImfFzLLiCt",
          "checksum": "38a03510d6b96ac5af67bc9b7d39cf33"
        },
        {
          "type": "image",
          "assetId": "8XsLZy2imSexk3",
          "checksum": "0f4d724f1500b08489c63e9e5d96ecaa"
        },
        {
          "type": "image",
          "assetId": "7itgboNaq3gBmb",
          "checksum": "45fe79c59b86be44f489edb9e3e6ae5b"
        },
        {
          "type": "image",
          "assetId": "RkOOg9nK_MXAl5",
          "checksum": "a3501ae8c90b7b156379f650bcd774f7"
        },
        {
          "type": "image",
          "assetId": "Vhqe8G5YxY7NLp",
          "checksum": "ee62eb84e91f9e1cbd5577e30867b244"
        },
        {
          "type": "image",
          "assetId": "G16Tvev9r5Wu4W",
          "checksum": "f4c7197ce5eccc3bf07dda4c7127008e"
        },
        {
          "type": "image",
          "assetId": "MhRrmy4wfFTC-J",
          "checksum": "3d5b203f898ecc197dcad9e761e615a0"
        },
        {
          "type": "image",
          "assetId": "Mei5Lka2Tiy5cE",
          "checksum": "4b9aced157b52a82b9004ae8e19859ae"
        },
        {
          "type": "image",
          "assetId": "gbdVKQzhFWGzMT",
          "checksum": "ab5c3e752485c193c0f696e37ff9c634"
        },
        {
          "type": "image",
          "assetId": "22nC6fbUh40C0P",
          "checksum": "9621f6ecd45817fd732e3fdf43015468"
        },
        {
          "type": "image",
          "assetId": "heyW4pjjjdKcWr",
          "checksum": "66ced3822e8cdbe3d4a8dc81e6bf87e1"
        },
        {
          "type": "image",
          "assetId": "xxMRTwQPu9Qd1-",
          "checksum": "1857e34b876836645dc78f4e75ead73c"
        },
        {
          "type": "image",
          "assetId": "pBjYdbkUiZtDHz",
          "checksum": "e1c4ad7ffdd614c0cc69359934d508f5"
        },
        {
          "type": "image",
          "assetId": "l3RnZaLqHoKqNG",
          "checksum": "05d114bab84a14c9f9a59ea91ab1b688"
        },
        {
          "type": "image",
          "assetId": "lE7AW3ZOJEcHwL",
          "checksum": "166673a7c56c3b908a39b1298735068c"
        },
        {
          "type": "image",
          "assetId": "R8ujY9Jl1SsZwy",
          "checksum": "59ceca4775c969d28d2f8d518696c463"
        },
        {
          "type": "image",
          "assetId": "AgSAHcQtIjq0kO",
          "checksum": "fdeece27f3d0d4102c0da8d8e148e78e"
        },
        {
          "type": "image",
          "assetId": "HH3ADEJ8MuqIDw",
          "checksum": "2c83d8c49d138f1bc8caf66d77b6f23b"
        },
        {
          "type": "image",
          "assetId": "G57RW5P_6R6qgl",
          "checksum": "69364c5db6e224dfc6a8f6fa1d411f4b"
        },
        {
          "type": "image",
          "assetId": "--aLpwokpvX7b6",
          "checksum": "8f9bf8bb7b0b19ddacf032cebe4bbe7a"
        },
        {
          "type": "image",
          "assetId": "GFepBI9b0STBzy",
          "checksum": "c250ad14c45f53d36a055c62c7bc5c87"
        },
        {
          "type": "image",
          "assetId": "cYwn0nOSCqcchg",
          "checksum": "0bd73f7276e044736c27ed74436c4e94"
        },
        {
          "type": "image",
          "assetId": "UEDcFXPbAoTCbg",
          "checksum": "8d32605f142b1e1ed93c387be2045c3c"
        },
        {
          "type": "image",
          "assetId": "ORYVjPWMX0q1sJ",
          "checksum": "52038a53f79edda7922a7aecf2d1bc9f"
        },
        {
          "type": "image",
          "assetId": "pRvQJn170XNTZK",
          "checksum": "9a80f6ea4c017e6ec7f037b226027c6c"
        },
        {
          "type": "image",
          "assetId": "SsSzkfOOTEP5yJ",
          "checksum": "246d2ba35922cba3f6f0bafe03f2f4bb"
        },
        {
          "type": "image",
          "assetId": "ZKNek3D0GGThGc",
          "checksum": "2c2cf860ddac6908fa4026c88fa92903"
        },
        {
          "type": "image",
          "assetId": "5h4fYp0Eql2ayT",
          "checksum": "b7c9a5021ab73ca3cdb161d6a443613f"
        },
        {
          "type": "image",
          "assetId": "I-yBwrpnvsE7RO",
          "checksum": "ee21d6267a9762b344d020063b1b01c1"
        },
        {
          "type": "image",
          "assetId": "auAvjE4hIa_YJs",
          "checksum": "b2b8262c51a267ef993ab821c461a090"
        },
        {
          "type": "image",
          "assetId": "9tFTPgMZ0iOhmT",
          "checksum": "dea3cdd35a6b1a4b89d2647c83b36b5e"
        },
        {
          "type": "image",
          "assetId": "eYk9g1nfqy3vR8",
          "checksum": "8e52cff6e9986f9c765e8c388f2d1745"
        },
        {
          "type": "image",
          "assetId": "LCohdCSGb1YKDc",
          "checksum": "5c8b8723ca7873abba305049e25d1fa2"
        },
        {
          "type": "image",
          "assetId": "OL0W-6U05QUDXT",
          "checksum": "e11d7bbfe117393813d93fb07b05d5d8"
        },
        {
          "type": "image",
          "assetId": "YNJluI4IbHGfM_",
          "checksum": "7f25600e45831ba34ab96ba0bc569fa9"
        },
        {
          "type": "image",
          "assetId": "UTtcZ4MiZKBOjN",
          "checksum": "c36bff57ffd34a33150b3587dc2b9c70"
        },
        {
          "type": "image",
          "assetId": "jolqxh_TiAPN2I",
          "checksum": "e5c7db43b960e7915c0f7adef47b0988"
        },
        {
          "type": "image",
          "assetId": "UhfWrJmhgCXlM-",
          "checksum": "7f0b414b1ae80d19ac2db25efa6e6c8c"
        },
        {
          "type": "image",
          "assetId": "EPyH8o8Ex_Akj8",
          "checksum": "6b981d7735d4b755d58af7157bcc0bdb"
        },
        {
          "type": "image",
          "assetId": "KeJhZ-TiA82ezv",
          "checksum": "e66a853381054e61cf769949c1bfda4b"
        },
        {
          "type": "image",
          "assetId": "sLHm4Dr1D9wTuI",
          "checksum": "6740ae2f9f17c87a79fcb74e97daa366"
        },
        {
          "type": "image",
          "assetId": "KdpTipTtkFpg_H",
          "checksum": "b5e261afcfa0d498afe06714b96af6e6"
        },
        {
          "type": "image",
          "assetId": "xcDmX-kOP2CknM",
          "checksum": "3007bccf56d3aa2750632fa4f2db5a5b"
        },
        {
          "type": "image",
          "assetId": "Wl040E6UmH6GVG",
          "checksum": "e29e4f30c6ba40fa0bef5b64fb996db2"
        },
        {
          "type": "image",
          "assetId": "Hds9kNcItbcor3",
          "checksum": "5ab9f774b6bba15b6353ff817386daed"
        },
        {
          "type": "image",
          "assetId": "Oqczji5nDl2llw",
          "checksum": "f3b34fa91509660f45d749facffa316e"
        },
        {
          "type": "image",
          "assetId": "jxqzGXnn49YEo3",
          "checksum": "4bc7ccb0370b83be4d604aaac91c1cfe"
        },
        {
          "type": "image",
          "assetId": "tAp-86ewOc-a2d",
          "checksum": "5caaec2fad0b5259d3a566de15cd668e"
        },
        {
          "type": "image",
          "assetId": "Oq7GWbrzjVIAgo",
          "checksum": "12c0e376054afbbce14e411aff932359"
        },
        {
          "type": "image",
          "assetId": "hFkVQXazFDoVFP",
          "checksum": "99aca80f5f2cde8433c378b81df5dbc7"
        },
        {
          "type": "image",
          "assetId": "MjOsQbh2FS2TKQ",
          "checksum": "00b53f34b9a686c901bd3bfd1c53e87c"
        },
        {
          "type": "image",
          "assetId": "BAlSEJRlhnW6zV",
          "checksum": "bf47f8a7d45fe30122fd01a46dafef6f"
        },
        {
          "type": "image",
          "assetId": "aOw-OMxZp0T82Q",
          "checksum": "5461212f1ed903809eb42b972c5c6e61"
        },
        {
          "type": "image",
          "assetId": "d4jCXiEjHVkbAE",
          "checksum": "097116d2331718ead54464a8e378819d"
        },
        {
          "type": "image",
          "assetId": "rC-YLgvNBDtbVd",
          "checksum": "558089136c8f6d46ef376f1345c6365a"
        },
        {
          "type": "image",
          "assetId": "CZyIFBjRllbz7H",
          "checksum": "788b104b2259cbdfa8db1d6018269b89"
        },
        {
          "type": "image",
          "assetId": "_iQYsHp3phLhru",
          "checksum": "e4ed4a0a4d3f9f2d3187ee29742ecf86"
        },
        {
          "type": "image",
          "assetId": "lOf79Mdaz0uIKB",
          "checksum": "5a02762c8099df1977fceb69c2e913ce"
        },
        {
          "type": "image",
          "assetId": "a-pIGJL7l7GQkA",
          "checksum": "b10ce6650ece3609aef0c725aeed3236"
        },
        {
          "type": "image",
          "assetId": "5QoAE7Ce15VMjZ",
          "checksum": "882c28ad110b5c75632ea01c1fe14d3b"
        },
        {
          "type": "image",
          "assetId": "6ZDBsDS-YLwqxp",
          "checksum": "ef98af7fa4ca86b2f7b45879c1d14f34"
        },
        {
          "type": "image",
          "assetId": "9o76xXxRFdePgJ",
          "checksum": "7a069320b9ee1b3a965bea41bb1abbee"
        },
        {
          "type": "image",
          "assetId": "k40XbxG4PQYe7d",
          "checksum": "61cf5818cd3bb02517c72ac6785e849c"
        },
        {
          "type": "image",
          "assetId": "UjQjtWBzgVfvae",
          "checksum": "b7aa336c456296022f8eb7fec5b558f3"
        },
        {
          "type": "image",
          "assetId": "4LmiAy1MPKqrB1",
          "checksum": "2150814dc5c52e842afede341cd54455"
        },
        {
          "type": "image",
          "assetId": "PqtvS1YlORjywo",
          "checksum": "27ef65cdc5b12e487fbe016908703e89"
        }
      ],
      "codegenVersion": "0.0.1"
    }
  ],
  "cliVersion": "0.1.186"
}
